
Microsoft Visual Studio Solution File, Format Version 12.00
# Visual Studio Version 17
VisualStudioVersion = 17.9.34622.214
MinimumVisualStudioVersion = 10.0.40219.1
Project("{FAE04EC0-301F-11D3-BF4B-00C04F79EFBC}") = "Exercise16-LambdaExpressions", "Exercise16-LambdaExpressions\Exercise16-LambdaExpressions.csproj", "{191F29E2-2641-49DC-8231-0C5B1B5FE1CE}"
EndProject
Global
	GlobalSection(SolutionConfigurationPlatforms) = preSolution
		Debug|Any CPU = Debug|Any CPU
		Release|Any CPU = Release|Any CPU
	EndGlobalSection
	GlobalSection(ProjectConfigurationPlatforms) = postSolution
		{191F29E2-2641-49DC-8231-0C5B1B5FE1CE}.Debug|Any CPU.ActiveCfg = Debug|Any CPU
		{191F29E2-2641-49DC-8231-0C5B1B5FE1CE}.Debug|Any CPU.Build.0 = Debug|Any CPU
		{191F29E2-2641-49DC-8231-0C5B1B5FE1CE}.Release|Any CPU.ActiveCfg = Release|Any CPU
		{191F29E2-2641-49DC-8231-0C5B1B5FE1CE}.Release|Any CPU.Build.0 = Release|Any CPU
	EndGlobalSection
	GlobalSection(SolutionProperties) = preSolution
		HideSolutionNode = FALSE
	EndGlobalSection
	GlobalSection(ExtensibilityGlobals) = postSolution
		SolutionGuid = {9219EAB7-C159-4760-A406-25E21E2E5619}
	EndGlobalSection
EndGlobal
