
Microsoft Visual Studio Solution File, Format Version 12.00
# Visual Studio Version 17
VisualStudioVersion = 17.5.33502.453
MinimumVisualStudioVersion = 10.0.40219.1
Project("{FAE04EC0-301F-11D3-BF4B-00C04F79EFBC}") = "Exercise5-Break-Continue", "Exercise5-Break-Continue\Exercise5-Break-Continue.csproj", "{86BB3F3D-D993-4666-AAA0-6B0C60B085B4}"
EndProject
Global
	GlobalSection(SolutionConfigurationPlatforms) = preSolution
		Debug|Any CPU = Debug|Any CPU
		Release|Any CPU = Release|Any CPU
	EndGlobalSection
	GlobalSection(ProjectConfigurationPlatforms) = postSolution
		{86BB3F3D-D993-4666-AAA0-6B0C60B085B4}.Debug|Any CPU.ActiveCfg = Debug|Any CPU
		{86BB3F3D-D993-4666-AAA0-6B0C60B085B4}.Debug|Any CPU.Build.0 = Debug|Any CPU
		{86BB3F3D-D993-4666-AAA0-6B0C60B085B4}.Release|Any CPU.ActiveCfg = Release|Any CPU
		{86BB3F3D-D993-4666-AAA0-6B0C60B085B4}.Release|Any CPU.Build.0 = Release|Any CPU
	EndGlobalSection
	GlobalSection(SolutionProperties) = preSolution
		HideSolutionNode = FALSE
	EndGlobalSection
	GlobalSection(ExtensibilityGlobals) = postSolution
		SolutionGuid = {B8CC2121-BB5D-492C-9181-60BFE51D6094}
	EndGlobalSection
EndGlobal
