
Microsoft Visual Studio Solution File, Format Version 12.00
# Visual Studio Version 17
VisualStudioVersion = 17.5.33502.453
MinimumVisualStudioVersion = 10.0.40219.1
Project("{FAE04EC0-301F-11D3-BF4B-00C04F79EFBC}") = "Exercise7-Properties", "Exercise7-Properties\Exercise7-Properties.csproj", "{480AE761-F969-4FA5-B981-8A6EB680FF39}"
EndProject
Global
	GlobalSection(SolutionConfigurationPlatforms) = preSolution
		Debug|Any CPU = Debug|Any CPU
		Release|Any CPU = Release|Any CPU
	EndGlobalSection
	GlobalSection(ProjectConfigurationPlatforms) = postSolution
		{480AE761-F969-4FA5-B981-8A6EB680FF39}.Debug|Any CPU.ActiveCfg = Debug|Any CPU
		{480AE761-F969-4FA5-B981-8A6EB680FF39}.Debug|Any CPU.Build.0 = Debug|Any CPU
		{480AE761-F969-4FA5-B981-8A6EB680FF39}.Release|Any CPU.ActiveCfg = Release|Any CPU
		{480AE761-F969-4FA5-B981-8A6EB680FF39}.Release|Any CPU.Build.0 = Release|Any CPU
	EndGlobalSection
	GlobalSection(SolutionProperties) = preSolution
		HideSolutionNode = FALSE
	EndGlobalSection
	GlobalSection(ExtensibilityGlobals) = postSolution
		SolutionGuid = {A9626226-5E52-4D3E-88BD-01E0A99F5EEB}
	EndGlobalSection
EndGlobal
