
Microsoft Visual Studio Solution File, Format Version 12.00
# Visual Studio Version 17
VisualStudioVersion = 17.5.33502.453
MinimumVisualStudioVersion = 10.0.40219.1
Project("{FAE04EC0-301F-11D3-BF4B-00C04F79EFBC}") = "Exercise10-Lists", "Exercise10-Lists\Exercise10-Lists.csproj", "{5A3A6651-56CC-4B8E-A06C-8D1633943B54}"
EndProject
Global
	GlobalSection(SolutionConfigurationPlatforms) = preSolution
		Debug|Any CPU = Debug|Any CPU
		Release|Any CPU = Release|Any CPU
	EndGlobalSection
	GlobalSection(ProjectConfigurationPlatforms) = postSolution
		{5A3A6651-56CC-4B8E-A06C-8D1633943B54}.Debug|Any CPU.ActiveCfg = Debug|Any CPU
		{5A3A6651-56CC-4B8E-A06C-8D1633943B54}.Debug|Any CPU.Build.0 = Debug|Any CPU
		{5A3A6651-56CC-4B8E-A06C-8D1633943B54}.Release|Any CPU.ActiveCfg = Release|Any CPU
		{5A3A6651-56CC-4B8E-A06C-8D1633943B54}.Release|Any CPU.Build.0 = Release|Any CPU
	EndGlobalSection
	GlobalSection(SolutionProperties) = preSolution
		HideSolutionNode = FALSE
	EndGlobalSection
	GlobalSection(ExtensibilityGlobals) = postSolution
		SolutionGuid = {7C455667-CE6D-42E5-B0B3-51C0E8D2A54D}
	EndGlobalSection
EndGlobal
