
Microsoft Visual Studio Solution File, Format Version 12.00
# Visual Studio Version 17
VisualStudioVersion = 17.5.33502.453
MinimumVisualStudioVersion = 10.0.40219.1
Project("{FAE04EC0-301F-11D3-BF4B-00C04F79EFBC}") = "Exercise11-Dictionary", "Exercise11-Dictionary\Exercise11-Dictionary.csproj", "{A6BE4405-84DC-4733-9558-9B019D382117}"
EndProject
Global
	GlobalSection(SolutionConfigurationPlatforms) = preSolution
		Debug|Any CPU = Debug|Any CPU
		Release|Any CPU = Release|Any CPU
	EndGlobalSection
	GlobalSection(ProjectConfigurationPlatforms) = postSolution
		{A6BE4405-84DC-4733-9558-9B019D382117}.Debug|Any CPU.ActiveCfg = Debug|Any CPU
		{A6BE4405-84DC-4733-9558-9B019D382117}.Debug|Any CPU.Build.0 = Debug|Any CPU
		{A6BE4405-84DC-4733-9558-9B019D382117}.Release|Any CPU.ActiveCfg = Release|Any CPU
		{A6BE4405-84DC-4733-9558-9B019D382117}.Release|Any CPU.Build.0 = Release|Any CPU
	EndGlobalSection
	GlobalSection(SolutionProperties) = preSolution
		HideSolutionNode = FALSE
	EndGlobalSection
	GlobalSection(ExtensibilityGlobals) = postSolution
		SolutionGuid = {10E4856D-D457-468C-BE92-21673E5D04A2}
	EndGlobalSection
EndGlobal
